
Microsoft Visual Studio Solution File, Format Version 12.00
# Visual Studio 15
VisualStudioVersion = 15.0.27004.2005
MinimumVisualStudioVersion = 10.0.40219.1
Project("{FAE04EC0-301F-11D3-BF4B-00C04F79EFBC}") = "DCS-ConfigMgmt", "DCS-ConfigMgmt\DCS-ConfigMgmt.csproj", "{3C437DD0-764C-4DE9-A9D3-FE8D8AC9237B}"
EndProject
Project("{2150E333-8FDC-42A3-9474-1A3956D46DE8}") = "Solution Items", "Solution Items", "{86048ECF-5D18-490B-B3D4-10B0CE4BD92C}"
	ProjectSection(SolutionItems) = preProject
		InsertIcons.exe = InsertIcons.exe
	EndProjectSection
EndProject
Project("{930C7802-8A8C-48F9-8165-68863BCCD9DD}") = "DCSCM-Installer", "DCSCM-Installer\DCSCM-Installer.wixproj", "{F5B28715-501A-4844-8906-B2484B52D1CC}"
EndProject
Global
	GlobalSection(SolutionConfigurationPlatforms) = preSolution
		Debug|Any CPU = Debug|Any CPU
		Debug|x86 = Debug|x86
		Release|Any CPU = Release|Any CPU
		Release|x86 = Release|x86
	EndGlobalSection
	GlobalSection(ProjectConfigurationPlatforms) = postSolution
		{3C437DD0-764C-4DE9-A9D3-FE8D8AC9237B}.Debug|Any CPU.ActiveCfg = Debug|Any CPU
		{3C437DD0-764C-4DE9-A9D3-FE8D8AC9237B}.Debug|Any CPU.Build.0 = Debug|Any CPU
		{3C437DD0-764C-4DE9-A9D3-FE8D8AC9237B}.Debug|x86.ActiveCfg = Debug|Any CPU
		{3C437DD0-764C-4DE9-A9D3-FE8D8AC9237B}.Debug|x86.Build.0 = Debug|Any CPU
		{3C437DD0-764C-4DE9-A9D3-FE8D8AC9237B}.Release|Any CPU.ActiveCfg = Release|Any CPU
		{3C437DD0-764C-4DE9-A9D3-FE8D8AC9237B}.Release|Any CPU.Build.0 = Release|Any CPU
		{3C437DD0-764C-4DE9-A9D3-FE8D8AC9237B}.Release|x86.ActiveCfg = Release|Any CPU
		{3C437DD0-764C-4DE9-A9D3-FE8D8AC9237B}.Release|x86.Build.0 = Release|Any CPU
		{F5B28715-501A-4844-8906-B2484B52D1CC}.Debug|Any CPU.ActiveCfg = Debug|x86
		{F5B28715-501A-4844-8906-B2484B52D1CC}.Debug|x86.ActiveCfg = Debug|x86
		{F5B28715-501A-4844-8906-B2484B52D1CC}.Debug|x86.Build.0 = Debug|x86
		{F5B28715-501A-4844-8906-B2484B52D1CC}.Release|Any CPU.ActiveCfg = Release|x86
		{F5B28715-501A-4844-8906-B2484B52D1CC}.Release|x86.ActiveCfg = Release|x86
		{F5B28715-501A-4844-8906-B2484B52D1CC}.Release|x86.Build.0 = Release|x86
	EndGlobalSection
	GlobalSection(SolutionProperties) = preSolution
		HideSolutionNode = FALSE
	EndGlobalSection
	GlobalSection(ExtensibilityGlobals) = postSolution
		SolutionGuid = {B83A53C7-39DF-4C9C-935D-634AA356BD13}
	EndGlobalSection
EndGlobal
